
Microsoft Visual Studio Solution File, Format Version 12.00
# Visual Studio Version 17
VisualStudioVersion = 17.9.34607.119
MinimumVisualStudioVersion = 10.0.40219.1
Project("{FAE04EC0-301F-11D3-BF4B-00C04F79EFBC}") = "Task 1", "Task 1\Task 1.csproj", "{EE59A16A-9F95-461E-B3A5-573A1CE7F014}"
EndProject
Global
	GlobalSection(SolutionConfigurationPlatforms) = preSolution
		Debug|Any CPU = Debug|Any CPU
		Release|Any CPU = Release|Any CPU
	EndGlobalSection
	GlobalSection(ProjectConfigurationPlatforms) = postSolution
		{EE59A16A-9F95-461E-B3A5-573A1CE7F014}.Debug|Any CPU.ActiveCfg = Debug|Any CPU
		{EE59A16A-9F95-461E-B3A5-573A1CE7F014}.Debug|Any CPU.Build.0 = Debug|Any CPU
		{EE59A16A-9F95-461E-B3A5-573A1CE7F014}.Release|Any CPU.ActiveCfg = Release|Any CPU
		{EE59A16A-9F95-461E-B3A5-573A1CE7F014}.Release|Any CPU.Build.0 = Release|Any CPU
	EndGlobalSection
	GlobalSection(SolutionProperties) = preSolution
		HideSolutionNode = FALSE
	EndGlobalSection
	GlobalSection(ExtensibilityGlobals) = postSolution
		SolutionGuid = {ADB3F589-1359-4B6D-89AD-67EB2E89B396}
	EndGlobalSection
EndGlobal
