
Microsoft Visual Studio Solution File, Format Version 12.00
# Visual Studio Version 17
VisualStudioVersion = 17.7.34221.43
MinimumVisualStudioVersion = 10.0.40219.1
Project("{FAE04EC0-301F-11D3-BF4B-00C04F79EFBC}") = "Task2", "Task2\Task2.csproj", "{AEE286F8-8597-431B-92A8-451A84C84F0F}"
EndProject
Global
	GlobalSection(SolutionConfigurationPlatforms) = preSolution
		Debug|Any CPU = Debug|Any CPU
		Release|Any CPU = Release|Any CPU
	EndGlobalSection
	GlobalSection(ProjectConfigurationPlatforms) = postSolution
		{AEE286F8-8597-431B-92A8-451A84C84F0F}.Debug|Any CPU.ActiveCfg = Debug|Any CPU
		{AEE286F8-8597-431B-92A8-451A84C84F0F}.Debug|Any CPU.Build.0 = Debug|Any CPU
		{AEE286F8-8597-431B-92A8-451A84C84F0F}.Release|Any CPU.ActiveCfg = Release|Any CPU
		{AEE286F8-8597-431B-92A8-451A84C84F0F}.Release|Any CPU.Build.0 = Release|Any CPU
	EndGlobalSection
	GlobalSection(SolutionProperties) = preSolution
		HideSolutionNode = FALSE
	EndGlobalSection
	GlobalSection(ExtensibilityGlobals) = postSolution
		SolutionGuid = {54E980DD-BECF-4B97-95C6-DF8CEAA2683E}
	EndGlobalSection
EndGlobal
