
Microsoft Visual Studio Solution File, Format Version 12.00
# Visual Studio Version 17
VisualStudioVersion = 17.8.34525.116
MinimumVisualStudioVersion = 10.0.40219.1
Project("{FAE04EC0-301F-11D3-BF4B-00C04F79EFBC}") = "Task 4", "Task 4\Task 4.csproj", "{1AB2B128-AA0F-42CA-9A27-5FD96A7E01C5}"
EndProject
Global
	GlobalSection(SolutionConfigurationPlatforms) = preSolution
		Debug|Any CPU = Debug|Any CPU
		Release|Any CPU = Release|Any CPU
	EndGlobalSection
	GlobalSection(ProjectConfigurationPlatforms) = postSolution
		{1AB2B128-AA0F-42CA-9A27-5FD96A7E01C5}.Debug|Any CPU.ActiveCfg = Debug|Any CPU
		{1AB2B128-AA0F-42CA-9A27-5FD96A7E01C5}.Debug|Any CPU.Build.0 = Debug|Any CPU
		{1AB2B128-AA0F-42CA-9A27-5FD96A7E01C5}.Release|Any CPU.ActiveCfg = Release|Any CPU
		{1AB2B128-AA0F-42CA-9A27-5FD96A7E01C5}.Release|Any CPU.Build.0 = Release|Any CPU
	EndGlobalSection
	GlobalSection(SolutionProperties) = preSolution
		HideSolutionNode = FALSE
	EndGlobalSection
	GlobalSection(ExtensibilityGlobals) = postSolution
		SolutionGuid = {16D5946C-BBED-4D90-BF38-7ED1D4669AA8}
	EndGlobalSection
EndGlobal
