
Microsoft Visual Studio Solution File, Format Version 12.00
# Visual Studio Version 17
VisualStudioVersion = 17.7.34221.43
MinimumVisualStudioVersion = 10.0.40219.1
Project("{FAE04EC0-301F-11D3-BF4B-00C04F79EFBC}") = "Task4", "Task4\Task4.csproj", "{918842FF-66C5-4ED8-BDE8-31B27E4B17DC}"
EndProject
Global
	GlobalSection(SolutionConfigurationPlatforms) = preSolution
		Debug|Any CPU = Debug|Any CPU
		Release|Any CPU = Release|Any CPU
	EndGlobalSection
	GlobalSection(ProjectConfigurationPlatforms) = postSolution
		{918842FF-66C5-4ED8-BDE8-31B27E4B17DC}.Debug|Any CPU.ActiveCfg = Debug|Any CPU
		{918842FF-66C5-4ED8-BDE8-31B27E4B17DC}.Debug|Any CPU.Build.0 = Debug|Any CPU
		{918842FF-66C5-4ED8-BDE8-31B27E4B17DC}.Release|Any CPU.ActiveCfg = Release|Any CPU
		{918842FF-66C5-4ED8-BDE8-31B27E4B17DC}.Release|Any CPU.Build.0 = Release|Any CPU
	EndGlobalSection
	GlobalSection(SolutionProperties) = preSolution
		HideSolutionNode = FALSE
	EndGlobalSection
	GlobalSection(ExtensibilityGlobals) = postSolution
		SolutionGuid = {06B6740F-D9F5-401E-B488-C7A7CDB202CB}
	EndGlobalSection
EndGlobal
